Microsoft Visual Studio Solution File, Format Version 12.00
# Visual Studio Version 17
VisualStudioVersion = 17.0.31903.59
MinimumVisualStudioVersion = 10.0.40219.1
Project("{9A19103F-16F7-4668-BE54-9A1E7A4F7556}") = "Vino.AgentHost", "src\Vino.AgentHost\Vino.AgentHost.csproj", "{18AEFC26-8A44-4D97-B714-E2F784B7C99E}"
EndProject
Project("{9A19103F-16F7-4668-BE54-9A1E7A4F7556}") = "Vino.BridgeContract", "src\Vino.BridgeContract\Vino.BridgeContract.csproj", "{B7F7BBF0-4BF8-48CF-AF4C-ECF364A29CB9}"
EndProject
Project("{9A19103F-16F7-4668-BE54-9A1E7A4F7556}") = "Vino.Contracts", "src\Vino.Contracts\Vino.Contracts.csproj", "{AAAEEC1E-867A-4A62-95B8-971F6DD9EEB7}"
EndProject
Project("{9A19103F-16F7-4668-BE54-9A1E7A4F7556}") = "Vino.Core", "src\Vino.Core\Vino.Core.csproj", "{BB68F20F-CFA2-405A-BBF7-97F91319E21C}"
EndProject
Project("{9A19103F-16F7-4668-BE54-9A1E7A4F7556}") = "Vino.Grasshopper", "src\Vino.Grasshopper\Vino.Grasshopper.csproj", "{3A5D8177-15A7-4CFD-A662-DC1A83FF5367}"
EndProject
Project("{9A19103F-16F7-4668-BE54-9A1E7A4F7556}") = "Vino.History", "src\Vino.History\Vino.History.csproj", "{9C925CE5-E3AF-4458-943A-2079D5CE8D38}"
EndProject
Project("{9A19103F-16F7-4668-BE54-9A1E7A4F7556}") = "Vino.Rhino", "src\Vino.Rhino\Vino.Rhino.csproj", "{271D8DFB-9EFF-421C-833B-F44C81361C40}"
EndProject
Project("{9A19103F-16F7-4668-BE54-9A1E7A4F7556}") = "Vino.Terminal", "src\Vino.Terminal\Vino.Terminal.csproj", "{26B16756-FBBD-43ED-B8C2-9A1A56ACBD96}"
EndProject
Project("{9A19103F-16F7-4668-BE54-9A1E7A4F7556}") = "Vino.ScriptAdapter", "src\Vino.ScriptAdapter\Vino.ScriptAdapter.csproj", "{4EE6C75D-E8D1-4751-876C-A1FD50292AA4}"
EndProject
Project("{9A19103F-16F7-4668-BE54-9A1E7A4F7556}") = "Vino.SmokeBridge", "tools\Vino.SmokeBridge\Vino.SmokeBridge.csproj", "{1F7F4CB6-A495-4D87-A132-21B9C48CC8DA}"
EndProject
Project("{9A19103F-16F7-4668-BE54-9A1E7A4F7556}") = "Vino.LiveE2E", "tools\Vino.LiveE2E\Vino.LiveE2E.csproj", "{B1D8AE96-71B7-4C71-96DF-1C737F2B1134}"
EndProject
Project("{9A19103F-16F7-4668-BE54-9A1E7A4F7556}") = "Vino.AgentHost.Tests", "tests\Vino.AgentHost.Tests\Vino.AgentHost.Tests.csproj", "{E0DC7C77-B949-433B-9D57-BB80A05C06D0}"
EndProject
Project("{9A19103F-16F7-4668-BE54-9A1E7A4F7556}") = "Vino.BridgeContract.Tests", "tests\Vino.BridgeContract.Tests\Vino.BridgeContract.Tests.csproj", "{2D6E8D54-2F21-43E3-8C42-A55C39D87B78}"
EndProject
Project("{9A19103F-16F7-4668-BE54-9A1E7A4F7556}") = "Vino.Core.Tests", "tests\Vino.Core.Tests\Vino.Core.Tests.csproj", "{00C0A560-C86F-4865-8133-E480CD65342B}"
EndProject
Project("{9A19103F-16F7-4668-BE54-9A1E7A4F7556}") = "Vino.History.Tests", "tests\Vino.History.Tests\Vino.History.Tests.csproj", "{E86FA0D9-AE01-4584-B6C9-94AEBB6E8FC8}"
EndProject
Project("{9A19103F-16F7-4668-BE54-9A1E7A4F7556}") = "Vino.Terminal.Tests", "tests\Vino.Terminal.Tests\Vino.Terminal.Tests.csproj", "{D1032453-791A-4D45-976A-8F3F0E47D7E1}"
EndProject
Project("{9A19103F-16F7-4668-BE54-9A1E7A4F7556}") = "Vino.Rhino.Tests", "tests\Vino.Rhino.Tests\Vino.Rhino.Tests.csproj", "{A9B84B53-9F4B-43E1-9B66-3A3C04C967D3}"
EndProject
Project("{2150E333-8FDC-42A3-9474-1A3956D46DE8}") = "tools", "tools", "{E6487E44-214C-4DF5-906F-198F78B36DCE}"
EndProject
Project("{FAE04EC0-301F-11D3-BF4B-00C04F79EFBC}") = "Vino.DevLoop", "tools\Vino.DevLoop\Vino.DevLoop.csproj", "{ACB2348A-B25F-4B84-99CC-4C13F08D1F29}"
EndProject
Project("{2150E333-8FDC-42A3-9474-1A3956D46DE8}") = "src", "src", "{0B2CB104-685A-4151-9756-A52B19B3450E}"
EndProject
Project("{FAE04EC0-301F-11D3-BF4B-00C04F79EFBC}") = "Vino.CanvasAdapter", "src\Vino.CanvasAdapter\Vino.CanvasAdapter.csproj", "{37371FB9-7B61-4958-8519-66440989B901}"
EndProject
Project("{FAE04EC0-301F-11D3-BF4B-00C04F79EFBC}") = "Vino.RhinoSceneAdapter", "src\Vino.RhinoSceneAdapter\Vino.RhinoSceneAdapter.csproj", "{D87CE6BB-AADA-47C1-9DF8-2E9E3A3A6AD7}"
EndProject
Global
	GlobalSection(SolutionConfigurationPlatforms) = preSolution
		Debug|Any CPU = Debug|Any CPU
		Release|Any CPU = Release|Any CPU
	EndGlobalSection
	GlobalSection(ProjectConfigurationPlatforms) = postSolution
		{18AEFC26-8A44-4D97-B714-E2F784B7C99E}.Debug|Any CPU.ActiveCfg = Debug|Any CPU
		{18AEFC26-8A44-4D97-B714-E2F784B7C99E}.Debug|Any CPU.Build.0 = Debug|Any CPU
		{18AEFC26-8A44-4D97-B714-E2F784B7C99E}.Release|Any CPU.ActiveCfg = Release|Any CPU
		{18AEFC26-8A44-4D97-B714-E2F784B7C99E}.Release|Any CPU.Build.0 = Release|Any CPU
		{B7F7BBF0-4BF8-48CF-AF4C-ECF364A29CB9}.Debug|Any CPU.ActiveCfg = Debug|Any CPU
		{B7F7BBF0-4BF8-48CF-AF4C-ECF364A29CB9}.Debug|Any CPU.Build.0 = Debug|Any CPU
		{B7F7BBF0-4BF8-48CF-AF4C-ECF364A29CB9}.Release|Any CPU.ActiveCfg = Release|Any CPU
		{B7F7BBF0-4BF8-48CF-AF4C-ECF364A29CB9}.Release|Any CPU.Build.0 = Release|Any CPU
		{AAAEEC1E-867A-4A62-95B8-971F6DD9EEB7}.Debug|Any CPU.ActiveCfg = Debug|Any CPU
		{AAAEEC1E-867A-4A62-95B8-971F6DD9EEB7}.Debug|Any CPU.Build.0 = Debug|Any CPU
		{AAAEEC1E-867A-4A62-95B8-971F6DD9EEB7}.Release|Any CPU.ActiveCfg = Release|Any CPU
		{AAAEEC1E-867A-4A62-95B8-971F6DD9EEB7}.Release|Any CPU.Build.0 = Release|Any CPU
		{BB68F20F-CFA2-405A-BBF7-97F91319E21C}.Debug|Any CPU.ActiveCfg = Debug|Any CPU
		{BB68F20F-CFA2-405A-BBF7-97F91319E21C}.Debug|Any CPU.Build.0 = Debug|Any CPU
		{BB68F20F-CFA2-405A-BBF7-97F91319E21C}.Release|Any CPU.ActiveCfg = Release|Any CPU
		{BB68F20F-CFA2-405A-BBF7-97F91319E21C}.Release|Any CPU.Build.0 = Release|Any CPU
		{3A5D8177-15A7-4CFD-A662-DC1A83FF5367}.Debug|Any CPU.ActiveCfg = Debug|Any CPU
		{3A5D8177-15A7-4CFD-A662-DC1A83FF5367}.Debug|Any CPU.Build.0 = Debug|Any CPU
		{3A5D8177-15A7-4CFD-A662-DC1A83FF5367}.Release|Any CPU.ActiveCfg = Release|Any CPU
		{3A5D8177-15A7-4CFD-A662-DC1A83FF5367}.Release|Any CPU.Build.0 = Release|Any CPU
		{9C925CE5-E3AF-4458-943A-2079D5CE8D38}.Debug|Any CPU.ActiveCfg = Debug|Any CPU
		{9C925CE5-E3AF-4458-943A-2079D5CE8D38}.Debug|Any CPU.Build.0 = Debug|Any CPU
		{9C925CE5-E3AF-4458-943A-2079D5CE8D38}.Release|Any CPU.ActiveCfg = Release|Any CPU
		{9C925CE5-E3AF-4458-943A-2079D5CE8D38}.Release|Any CPU.Build.0 = Release|Any CPU
		{271D8DFB-9EFF-421C-833B-F44C81361C40}.Debug|Any CPU.ActiveCfg = Debug|Any CPU
		{271D8DFB-9EFF-421C-833B-F44C81361C40}.Debug|Any CPU.Build.0 = Debug|Any CPU
		{271D8DFB-9EFF-421C-833B-F44C81361C40}.Release|Any CPU.ActiveCfg = Release|Any CPU
		{271D8DFB-9EFF-421C-833B-F44C81361C40}.Release|Any CPU.Build.0 = Release|Any CPU
		{26B16756-FBBD-43ED-B8C2-9A1A56ACBD96}.Debug|Any CPU.ActiveCfg = Debug|Any CPU
		{26B16756-FBBD-43ED-B8C2-9A1A56ACBD96}.Debug|Any CPU.Build.0 = Debug|Any CPU
		{26B16756-FBBD-43ED-B8C2-9A1A56ACBD96}.Release|Any CPU.ActiveCfg = Release|Any CPU
		{26B16756-FBBD-43ED-B8C2-9A1A56ACBD96}.Release|Any CPU.Build.0 = Release|Any CPU
		{4EE6C75D-E8D1-4751-876C-A1FD50292AA4}.Debug|Any CPU.ActiveCfg = Debug|Any CPU
		{4EE6C75D-E8D1-4751-876C-A1FD50292AA4}.Debug|Any CPU.Build.0 = Debug|Any CPU
		{4EE6C75D-E8D1-4751-876C-A1FD50292AA4}.Release|Any CPU.ActiveCfg = Release|Any CPU
		{4EE6C75D-E8D1-4751-876C-A1FD50292AA4}.Release|Any CPU.Build.0 = Release|Any CPU
		{1F7F4CB6-A495-4D87-A132-21B9C48CC8DA}.Debug|Any CPU.ActiveCfg = Debug|Any CPU
		{1F7F4CB6-A495-4D87-A132-21B9C48CC8DA}.Debug|Any CPU.Build.0 = Debug|Any CPU
		{1F7F4CB6-A495-4D87-A132-21B9C48CC8DA}.Release|Any CPU.ActiveCfg = Release|Any CPU
		{1F7F4CB6-A495-4D87-A132-21B9C48CC8DA}.Release|Any CPU.Build.0 = Release|Any CPU
		{B1D8AE96-71B7-4C71-96DF-1C737F2B1134}.Debug|Any CPU.ActiveCfg = Debug|Any CPU
		{B1D8AE96-71B7-4C71-96DF-1C737F2B1134}.Debug|Any CPU.Build.0 = Debug|Any CPU
		{B1D8AE96-71B7-4C71-96DF-1C737F2B1134}.Release|Any CPU.ActiveCfg = Release|Any CPU
		{B1D8AE96-71B7-4C71-96DF-1C737F2B1134}.Release|Any CPU.Build.0 = Release|Any CPU
		{E0DC7C77-B949-433B-9D57-BB80A05C06D0}.Debug|Any CPU.ActiveCfg = Debug|Any CPU
		{E0DC7C77-B949-433B-9D57-BB80A05C06D0}.Debug|Any CPU.Build.0 = Debug|Any CPU
		{E0DC7C77-B949-433B-9D57-BB80A05C06D0}.Release|Any CPU.ActiveCfg = Release|Any CPU
		{E0DC7C77-B949-433B-9D57-BB80A05C06D0}.Release|Any CPU.Build.0 = Release|Any CPU
		{2D6E8D54-2F21-43E3-8C42-A55C39D87B78}.Debug|Any CPU.ActiveCfg = Debug|Any CPU
		{2D6E8D54-2F21-43E3-8C42-A55C39D87B78}.Debug|Any CPU.Build.0 = Debug|Any CPU
		{2D6E8D54-2F21-43E3-8C42-A55C39D87B78}.Release|Any CPU.ActiveCfg = Release|Any CPU
		{2D6E8D54-2F21-43E3-8C42-A55C39D87B78}.Release|Any CPU.Build.0 = Release|Any CPU
		{00C0A560-C86F-4865-8133-E480CD65342B}.Debug|Any CPU.ActiveCfg = Debug|Any CPU
		{00C0A560-C86F-4865-8133-E480CD65342B}.Debug|Any CPU.Build.0 = Debug|Any CPU
		{00C0A560-C86F-4865-8133-E480CD65342B}.Release|Any CPU.ActiveCfg = Release|Any CPU
		{00C0A560-C86F-4865-8133-E480CD65342B}.Release|Any CPU.Build.0 = Release|Any CPU
		{E86FA0D9-AE01-4584-B6C9-94AEBB6E8FC8}.Debug|Any CPU.ActiveCfg = Debug|Any CPU
		{E86FA0D9-AE01-4584-B6C9-94AEBB6E8FC8}.Debug|Any CPU.Build.0 = Debug|Any CPU
		{E86FA0D9-AE01-4584-B6C9-94AEBB6E8FC8}.Release|Any CPU.ActiveCfg = Release|Any CPU
		{E86FA0D9-AE01-4584-B6C9-94AEBB6E8FC8}.Release|Any CPU.Build.0 = Release|Any CPU
		{D1032453-791A-4D45-976A-8F3F0E47D7E1}.Debug|Any CPU.ActiveCfg = Debug|Any CPU
		{D1032453-791A-4D45-976A-8F3F0E47D7E1}.Debug|Any CPU.Build.0 = Debug|Any CPU
		{D1032453-791A-4D45-976A-8F3F0E47D7E1}.Release|Any CPU.ActiveCfg = Release|Any CPU
		{D1032453-791A-4D45-976A-8F3F0E47D7E1}.Release|Any CPU.Build.0 = Release|Any CPU
		{A9B84B53-9F4B-43E1-9B66-3A3C04C967D3}.Debug|Any CPU.ActiveCfg = Debug|Any CPU
		{A9B84B53-9F4B-43E1-9B66-3A3C04C967D3}.Debug|Any CPU.Build.0 = Debug|Any CPU
		{A9B84B53-9F4B-43E1-9B66-3A3C04C967D3}.Release|Any CPU.ActiveCfg = Release|Any CPU
		{A9B84B53-9F4B-43E1-9B66-3A3C04C967D3}.Release|Any CPU.Build.0 = Release|Any CPU
		{ACB2348A-B25F-4B84-99CC-4C13F08D1F29}.Debug|Any CPU.ActiveCfg = Debug|Any CPU
		{ACB2348A-B25F-4B84-99CC-4C13F08D1F29}.Debug|Any CPU.Build.0 = Debug|Any CPU
		{ACB2348A-B25F-4B84-99CC-4C13F08D1F29}.Release|Any CPU.ActiveCfg = Release|Any CPU
		{ACB2348A-B25F-4B84-99CC-4C13F08D1F29}.Release|Any CPU.Build.0 = Release|Any CPU
		{37371FB9-7B61-4958-8519-66440989B901}.Debug|Any CPU.ActiveCfg = Debug|Any CPU
		{37371FB9-7B61-4958-8519-66440989B901}.Debug|Any CPU.Build.0 = Debug|Any CPU
		{37371FB9-7B61-4958-8519-66440989B901}.Release|Any CPU.ActiveCfg = Release|Any CPU
		{37371FB9-7B61-4958-8519-66440989B901}.Release|Any CPU.Build.0 = Release|Any CPU
		{D87CE6BB-AADA-47C1-9DF8-2E9E3A3A6AD7}.Debug|Any CPU.ActiveCfg = Debug|Any CPU
		{D87CE6BB-AADA-47C1-9DF8-2E9E3A3A6AD7}.Debug|Any CPU.Build.0 = Debug|Any CPU
		{D87CE6BB-AADA-47C1-9DF8-2E9E3A3A6AD7}.Release|Any CPU.ActiveCfg = Release|Any CPU
		{D87CE6BB-AADA-47C1-9DF8-2E9E3A3A6AD7}.Release|Any CPU.Build.0 = Release|Any CPU
	EndGlobalSection
	GlobalSection(SolutionProperties) = preSolution
		HideSolutionNode = FALSE
	EndGlobalSection
	GlobalSection(NestedProjects) = preSolution
		{ACB2348A-B25F-4B84-99CC-4C13F08D1F29} = {E6487E44-214C-4DF5-906F-198F78B36DCE}
		{37371FB9-7B61-4958-8519-66440989B901} = {0B2CB104-685A-4151-9756-A52B19B3450E}
		{D87CE6BB-AADA-47C1-9DF8-2E9E3A3A6AD7} = {0B2CB104-685A-4151-9756-A52B19B3450E}
	EndGlobalSection
EndGlobal
